
Microsoft Visual Studio Solution File, Format Version 12.00
# Visual Studio 14
VisualStudioVersion = 14.0.25420.1
MinimumVisualStudioVersion = 10.0.40219.1
Project("{FAE04EC0-301F-11D3-BF4B-00C04F79EFBC}") = "CardGameFramework", "CardGameFramework\CardGameFramework.csproj", "{94A06B4A-2566-4BA3-8B05-9E6CCEFAE70C}"
EndProject
Project("{FAE04EC0-301F-11D3-BF4B-00C04F79EFBC}") = "BlackJackTest", "BlackJackTest\BlackJackTest.csproj", "{84106015-FD2F-4751-9F10-AC58FA33B756}"
EndProject
Project("{FAE04EC0-301F-11D3-BF4B-00C04F79EFBC}") = "BlackJackConsoleClient", "BlackJackConsoleClient\BlackJackConsoleClient.csproj", "{767FB547-FDCA-4447-967A-C1E21FB9E8E1}"
EndProject
Project("{FAE04EC0-301F-11D3-BF4B-00C04F79EFBC}") = "BlackJackGameHelper", "BlackJackGameHelper\BlackJackGameHelper.csproj", "{7087D777-23B0-4685-BDFC-BD93D14A360C}"
EndProject
Global
	GlobalSection(SolutionConfigurationPlatforms) = preSolution
		Debug|Any CPU = Debug|Any CPU
		Debug|Mixed Platforms = Debug|Mixed Platforms
		Debug|x86 = Debug|x86
		Release|Any CPU = Release|Any CPU
		Release|Mixed Platforms = Release|Mixed Platforms
		Release|x86 = Release|x86
	EndGlobalSection
	GlobalSection(ProjectConfigurationPlatforms) = postSolution
		{94A06B4A-2566-4BA3-8B05-9E6CCEFAE70C}.Debug|Any CPU.ActiveCfg = Debug|Any CPU
		{94A06B4A-2566-4BA3-8B05-9E6CCEFAE70C}.Debug|Any CPU.Build.0 = Debug|Any CPU
		{94A06B4A-2566-4BA3-8B05-9E6CCEFAE70C}.Debug|Mixed Platforms.ActiveCfg = Debug|Any CPU
		{94A06B4A-2566-4BA3-8B05-9E6CCEFAE70C}.Debug|Mixed Platforms.Build.0 = Debug|Any CPU
		{94A06B4A-2566-4BA3-8B05-9E6CCEFAE70C}.Debug|x86.ActiveCfg = Debug|Any CPU
		{94A06B4A-2566-4BA3-8B05-9E6CCEFAE70C}.Release|Any CPU.ActiveCfg = Release|Any CPU
		{94A06B4A-2566-4BA3-8B05-9E6CCEFAE70C}.Release|Any CPU.Build.0 = Release|Any CPU
		{94A06B4A-2566-4BA3-8B05-9E6CCEFAE70C}.Release|Mixed Platforms.ActiveCfg = Release|Any CPU
		{94A06B4A-2566-4BA3-8B05-9E6CCEFAE70C}.Release|Mixed Platforms.Build.0 = Release|Any CPU
		{94A06B4A-2566-4BA3-8B05-9E6CCEFAE70C}.Release|x86.ActiveCfg = Release|Any CPU
		{84106015-FD2F-4751-9F10-AC58FA33B756}.Debug|Any CPU.ActiveCfg = Debug|Any CPU
		{84106015-FD2F-4751-9F10-AC58FA33B756}.Debug|Any CPU.Build.0 = Debug|Any CPU
		{84106015-FD2F-4751-9F10-AC58FA33B756}.Debug|Mixed Platforms.ActiveCfg = Debug|Any CPU
		{84106015-FD2F-4751-9F10-AC58FA33B756}.Debug|Mixed Platforms.Build.0 = Debug|Any CPU
		{84106015-FD2F-4751-9F10-AC58FA33B756}.Debug|x86.ActiveCfg = Debug|Any CPU
		{84106015-FD2F-4751-9F10-AC58FA33B756}.Debug|x86.Build.0 = Debug|Any CPU
		{84106015-FD2F-4751-9F10-AC58FA33B756}.Release|Any CPU.ActiveCfg = Release|Any CPU
		{84106015-FD2F-4751-9F10-AC58FA33B756}.Release|Any CPU.Build.0 = Release|Any CPU
		{84106015-FD2F-4751-9F10-AC58FA33B756}.Release|Mixed Platforms.ActiveCfg = Release|Any CPU
		{84106015-FD2F-4751-9F10-AC58FA33B756}.Release|Mixed Platforms.Build.0 = Release|Any CPU
		{84106015-FD2F-4751-9F10-AC58FA33B756}.Release|x86.ActiveCfg = Release|Any CPU
		{84106015-FD2F-4751-9F10-AC58FA33B756}.Release|x86.Build.0 = Release|Any CPU
		{767FB547-FDCA-4447-967A-C1E21FB9E8E1}.Debug|Any CPU.ActiveCfg = Debug|x86
		{767FB547-FDCA-4447-967A-C1E21FB9E8E1}.Debug|Mixed Platforms.ActiveCfg = Debug|x86
		{767FB547-FDCA-4447-967A-C1E21FB9E8E1}.Debug|Mixed Platforms.Build.0 = Debug|x86
		{767FB547-FDCA-4447-967A-C1E21FB9E8E1}.Debug|x86.ActiveCfg = Debug|x86
		{767FB547-FDCA-4447-967A-C1E21FB9E8E1}.Debug|x86.Build.0 = Debug|x86
		{767FB547-FDCA-4447-967A-C1E21FB9E8E1}.Release|Any CPU.ActiveCfg = Release|x86
		{767FB547-FDCA-4447-967A-C1E21FB9E8E1}.Release|Mixed Platforms.ActiveCfg = Release|x86
		{767FB547-FDCA-4447-967A-C1E21FB9E8E1}.Release|Mixed Platforms.Build.0 = Release|x86
		{767FB547-FDCA-4447-967A-C1E21FB9E8E1}.Release|x86.ActiveCfg = Release|x86
		{767FB547-FDCA-4447-967A-C1E21FB9E8E1}.Release|x86.Build.0 = Release|x86
		{7087D777-23B0-4685-BDFC-BD93D14A360C}.Debug|Any CPU.ActiveCfg = Debug|Any CPU
		{7087D777-23B0-4685-BDFC-BD93D14A360C}.Debug|Any CPU.Build.0 = Debug|Any CPU
		{7087D777-23B0-4685-BDFC-BD93D14A360C}.Debug|Mixed Platforms.ActiveCfg = Debug|Any CPU
		{7087D777-23B0-4685-BDFC-BD93D14A360C}.Debug|Mixed Platforms.Build.0 = Debug|Any CPU
		{7087D777-23B0-4685-BDFC-BD93D14A360C}.Debug|x86.ActiveCfg = Debug|Any CPU
		{7087D777-23B0-4685-BDFC-BD93D14A360C}.Debug|x86.Build.0 = Debug|Any CPU
		{7087D777-23B0-4685-BDFC-BD93D14A360C}.Release|Any CPU.ActiveCfg = Release|Any CPU
		{7087D777-23B0-4685-BDFC-BD93D14A360C}.Release|Any CPU.Build.0 = Release|Any CPU
		{7087D777-23B0-4685-BDFC-BD93D14A360C}.Release|Mixed Platforms.ActiveCfg = Release|Any CPU
		{7087D777-23B0-4685-BDFC-BD93D14A360C}.Release|Mixed Platforms.Build.0 = Release|Any CPU
		{7087D777-23B0-4685-BDFC-BD93D14A360C}.Release|x86.ActiveCfg = Release|Any CPU
		{7087D777-23B0-4685-BDFC-BD93D14A360C}.Release|x86.Build.0 = Release|Any CPU
	EndGlobalSection
	GlobalSection(SolutionProperties) = preSolution
		HideSolutionNode = FALSE
	EndGlobalSection
EndGlobal
